
Microsoft Visual Studio Solution File, Format Version 12.00
# Visual Studio Version 16
VisualStudioVersion = 16.0.30413.136
MinimumVisualStudioVersion = 10.0.40219.1
Project("{FAE04EC0-301F-11D3-BF4B-00C04F79EFBC}") = "CI-CD", "CI-CD\CI-CD.csproj", "{8991DEF6-AB9A-4587-876B-479AA9B5F3EB}"
EndProject
Global
	GlobalSection(SolutionConfigurationPlatforms) = preSolution
		Debug|Any CPU = Debug|Any CPU
		Release|Any CPU = Release|Any CPU
	EndGlobalSection
	GlobalSection(ProjectConfigurationPlatforms) = postSolution
		{8991DEF6-AB9A-4587-876B-479AA9B5F3EB}.Debug|Any CPU.ActiveCfg = Debug|Any CPU
		{8991DEF6-AB9A-4587-876B-479AA9B5F3EB}.Debug|Any CPU.Build.0 = Debug|Any CPU
		{8991DEF6-AB9A-4587-876B-479AA9B5F3EB}.Release|Any CPU.ActiveCfg = Release|Any CPU
		{8991DEF6-AB9A-4587-876B-479AA9B5F3EB}.Release|Any CPU.Build.0 = Release|Any CPU
	EndGlobalSection
	GlobalSection(SolutionProperties) = preSolution
		HideSolutionNode = FALSE
	EndGlobalSection
	GlobalSection(ExtensibilityGlobals) = postSolution
		SolutionGuid = {CBA838BE-6077-4DD1-8803-3074594C74DE}
	EndGlobalSection
EndGlobal
